
Microsoft Visual Studio Solution File, Format Version 12.00
# Visual Studio Version 16
VisualStudioVersion = 16.0.31321.278
MinimumVisualStudioVersion = 10.0.40219.1
Project("{FAE04EC0-301F-11D3-BF4B-00C04F79EFBC}") = "HangmanGame", "HangmanGame\HangmanGame.csproj", "{9DBAD1B6-9DEA-4483-8B64-1DBA049E5965}"
EndProject
Global
	GlobalSection(SolutionConfigurationPlatforms) = preSolution
		Debug|Any CPU = Debug|Any CPU
		Release|Any CPU = Release|Any CPU
	EndGlobalSection
	GlobalSection(ProjectConfigurationPlatforms) = postSolution
		{9DBAD1B6-9DEA-4483-8B64-1DBA049E5965}.Debug|Any CPU.ActiveCfg = Debug|Any CPU
		{9DBAD1B6-9DEA-4483-8B64-1DBA049E5965}.Debug|Any CPU.Build.0 = Debug|Any CPU
		{9DBAD1B6-9DEA-4483-8B64-1DBA049E5965}.Release|Any CPU.ActiveCfg = Release|Any CPU
		{9DBAD1B6-9DEA-4483-8B64-1DBA049E5965}.Release|Any CPU.Build.0 = Release|Any CPU
	EndGlobalSection
	GlobalSection(SolutionProperties) = preSolution
		HideSolutionNode = FALSE
	EndGlobalSection
	GlobalSection(ExtensibilityGlobals) = postSolution
		SolutionGuid = {41F5DF97-2051-41F3-A4EA-09C18D548AC6}
	EndGlobalSection
EndGlobal
